
Microsoft Visual Studio Solution File, Format Version 12.00
# Visual Studio Version 17
VisualStudioVersion = 17.0.31903.59
MinimumVisualStudioVersion = 10.0.40219.1
Project("{2150E333-8FDC-42A3-9474-1A3956D46DE8}") = "src", "src", "{827E0CD3-B72D-47B6-A68D-7590B98EB39B}"
EndProject
Project("{FAE04EC0-301F-11D3-BF4B-00C04F79EFBC}") = "ECommerce.Stock.Functions", "src\Stock\ECommerce.Stock.Functions.csproj", "{21C84311-993B-4708-97A3-386981D7797A}"
EndProject
Project("{FAE04EC0-301F-11D3-BF4B-00C04F79EFBC}") = "ECommerce.Orders.Api", "src\Orders\ECommerce.Orders.Api.csproj", "{97715C82-EE1C-44DF-8A3F-9A6C76D0664B}"
EndProject
Project("{2150E333-8FDC-42A3-9474-1A3956D46DE8}") = "Orders", "Orders", "{02EA681E-C7D8-13C7-8484-4AC65E1B71E8}"
EndProject
Project("{2150E333-8FDC-42A3-9474-1A3956D46DE8}") = "Stock", "Stock", "{345532B1-A166-4055-9D17-7E60B6FA268D}"
EndProject
Project("{2150E333-8FDC-42A3-9474-1A3956D46DE8}") = "Payment", "Payment", "{B7886DE8-7248-4FAE-8E3F-D6B40A81606A}"
EndProject
Project("{FAE04EC0-301F-11D3-BF4B-00C04F79EFBC}") = "ECommerce.Payment.Functions", "src\Payment\ECommerce.Payment.Functions.csproj", "{4D91912A-3967-49C0-AB8C-E329C634A941}"
EndProject
Project("{2150E333-8FDC-42A3-9474-1A3956D46DE8}") = "Notification", "Notification", "{69F4BE7D-27B7-4267-AAE2-51FFB22E2E91}"
EndProject
Project("{FAE04EC0-301F-11D3-BF4B-00C04F79EFBC}") = "ECommerce.Notification.Functions", "src\Notification\ECommerce.Notification.Functions.csproj", "{B8F7FABB-5D04-4ED2-A814-1F1FB5B52A1E}"
EndProject
Global
	GlobalSection(SolutionConfigurationPlatforms) = preSolution
		Debug|Any CPU = Debug|Any CPU
		Debug|x64 = Debug|x64
		Debug|x86 = Debug|x86
		Release|Any CPU = Release|Any CPU
		Release|x64 = Release|x64
		Release|x86 = Release|x86
	EndGlobalSection
	GlobalSection(ProjectConfigurationPlatforms) = postSolution
		{21C84311-993B-4708-97A3-386981D7797A}.Debug|Any CPU.ActiveCfg = Debug|Any CPU
		{21C84311-993B-4708-97A3-386981D7797A}.Debug|Any CPU.Build.0 = Debug|Any CPU
		{21C84311-993B-4708-97A3-386981D7797A}.Debug|x64.ActiveCfg = Debug|Any CPU
		{21C84311-993B-4708-97A3-386981D7797A}.Debug|x64.Build.0 = Debug|Any CPU
		{21C84311-993B-4708-97A3-386981D7797A}.Debug|x86.ActiveCfg = Debug|Any CPU
		{21C84311-993B-4708-97A3-386981D7797A}.Debug|x86.Build.0 = Debug|Any CPU
		{21C84311-993B-4708-97A3-386981D7797A}.Release|Any CPU.ActiveCfg = Release|Any CPU
		{21C84311-993B-4708-97A3-386981D7797A}.Release|Any CPU.Build.0 = Release|Any CPU
		{21C84311-993B-4708-97A3-386981D7797A}.Release|x64.ActiveCfg = Release|Any CPU
		{21C84311-993B-4708-97A3-386981D7797A}.Release|x64.Build.0 = Release|Any CPU
		{21C84311-993B-4708-97A3-386981D7797A}.Release|x86.ActiveCfg = Release|Any CPU
		{21C84311-993B-4708-97A3-386981D7797A}.Release|x86.Build.0 = Release|Any CPU
		{97715C82-EE1C-44DF-8A3F-9A6C76D0664B}.Debug|Any CPU.ActiveCfg = Debug|Any CPU
		{97715C82-EE1C-44DF-8A3F-9A6C76D0664B}.Debug|Any CPU.Build.0 = Debug|Any CPU
		{97715C82-EE1C-44DF-8A3F-9A6C76D0664B}.Debug|x64.ActiveCfg = Debug|Any CPU
		{97715C82-EE1C-44DF-8A3F-9A6C76D0664B}.Debug|x64.Build.0 = Debug|Any CPU
		{97715C82-EE1C-44DF-8A3F-9A6C76D0664B}.Debug|x86.ActiveCfg = Debug|Any CPU
		{97715C82-EE1C-44DF-8A3F-9A6C76D0664B}.Debug|x86.Build.0 = Debug|Any CPU
		{97715C82-EE1C-44DF-8A3F-9A6C76D0664B}.Release|Any CPU.ActiveCfg = Release|Any CPU
		{97715C82-EE1C-44DF-8A3F-9A6C76D0664B}.Release|Any CPU.Build.0 = Release|Any CPU
		{97715C82-EE1C-44DF-8A3F-9A6C76D0664B}.Release|x64.ActiveCfg = Release|Any CPU
		{97715C82-EE1C-44DF-8A3F-9A6C76D0664B}.Release|x64.Build.0 = Release|Any CPU
		{97715C82-EE1C-44DF-8A3F-9A6C76D0664B}.Release|x86.ActiveCfg = Release|Any CPU
		{97715C82-EE1C-44DF-8A3F-9A6C76D0664B}.Release|x86.Build.0 = Release|Any CPU
		{4D91912A-3967-49C0-AB8C-E329C634A941}.Debug|Any CPU.ActiveCfg = Debug|Any CPU
		{4D91912A-3967-49C0-AB8C-E329C634A941}.Debug|Any CPU.Build.0 = Debug|Any CPU
		{4D91912A-3967-49C0-AB8C-E329C634A941}.Debug|x64.ActiveCfg = Debug|Any CPU
		{4D91912A-3967-49C0-AB8C-E329C634A941}.Debug|x64.Build.0 = Debug|Any CPU
		{4D91912A-3967-49C0-AB8C-E329C634A941}.Debug|x86.ActiveCfg = Debug|Any CPU
		{4D91912A-3967-49C0-AB8C-E329C634A941}.Debug|x86.Build.0 = Debug|Any CPU
		{4D91912A-3967-49C0-AB8C-E329C634A941}.Release|Any CPU.ActiveCfg = Release|Any CPU
		{4D91912A-3967-49C0-AB8C-E329C634A941}.Release|Any CPU.Build.0 = Release|Any CPU
		{4D91912A-3967-49C0-AB8C-E329C634A941}.Release|x64.ActiveCfg = Release|Any CPU
		{4D91912A-3967-49C0-AB8C-E329C634A941}.Release|x64.Build.0 = Release|Any CPU
		{4D91912A-3967-49C0-AB8C-E329C634A941}.Release|x86.ActiveCfg = Release|Any CPU
		{4D91912A-3967-49C0-AB8C-E329C634A941}.Release|x86.Build.0 = Release|Any CPU
		{B8F7FABB-5D04-4ED2-A814-1F1FB5B52A1E}.Debug|Any CPU.ActiveCfg = Debug|Any CPU
		{B8F7FABB-5D04-4ED2-A814-1F1FB5B52A1E}.Debug|Any CPU.Build.0 = Debug|Any CPU
		{B8F7FABB-5D04-4ED2-A814-1F1FB5B52A1E}.Debug|x64.ActiveCfg = Debug|Any CPU
		{B8F7FABB-5D04-4ED2-A814-1F1FB5B52A1E}.Debug|x64.Build.0 = Debug|Any CPU
		{B8F7FABB-5D04-4ED2-A814-1F1FB5B52A1E}.Debug|x86.ActiveCfg = Debug|Any CPU
		{B8F7FABB-5D04-4ED2-A814-1F1FB5B52A1E}.Debug|x86.Build.0 = Debug|Any CPU
		{B8F7FABB-5D04-4ED2-A814-1F1FB5B52A1E}.Release|Any CPU.ActiveCfg = Release|Any CPU
		{B8F7FABB-5D04-4ED2-A814-1F1FB5B52A1E}.Release|Any CPU.Build.0 = Release|Any CPU
		{B8F7FABB-5D04-4ED2-A814-1F1FB5B52A1E}.Release|x64.ActiveCfg = Release|Any CPU
		{B8F7FABB-5D04-4ED2-A814-1F1FB5B52A1E}.Release|x64.Build.0 = Release|Any CPU
		{B8F7FABB-5D04-4ED2-A814-1F1FB5B52A1E}.Release|x86.ActiveCfg = Release|Any CPU
		{B8F7FABB-5D04-4ED2-A814-1F1FB5B52A1E}.Release|x86.Build.0 = Release|Any CPU
	EndGlobalSection
	GlobalSection(SolutionProperties) = preSolution
		HideSolutionNode = FALSE
	EndGlobalSection
	GlobalSection(NestedProjects) = preSolution
		{21C84311-993B-4708-97A3-386981D7797A} = {345532B1-A166-4055-9D17-7E60B6FA268D}
		{97715C82-EE1C-44DF-8A3F-9A6C76D0664B} = {02EA681E-C7D8-13C7-8484-4AC65E1B71E8}
		{02EA681E-C7D8-13C7-8484-4AC65E1B71E8} = {827E0CD3-B72D-47B6-A68D-7590B98EB39B}
		{345532B1-A166-4055-9D17-7E60B6FA268D} = {827E0CD3-B72D-47B6-A68D-7590B98EB39B}
		{B7886DE8-7248-4FAE-8E3F-D6B40A81606A} = {827E0CD3-B72D-47B6-A68D-7590B98EB39B}
		{4D91912A-3967-49C0-AB8C-E329C634A941} = {B7886DE8-7248-4FAE-8E3F-D6B40A81606A}
		{69F4BE7D-27B7-4267-AAE2-51FFB22E2E91} = {827E0CD3-B72D-47B6-A68D-7590B98EB39B}
		{B8F7FABB-5D04-4ED2-A814-1F1FB5B52A1E} = {69F4BE7D-27B7-4267-AAE2-51FFB22E2E91}
	EndGlobalSection
	GlobalSection(ExtensibilityGlobals) = postSolution
		SolutionGuid = {0A8A77FC-7DC5-4639-9573-20ED145D3F76}
	EndGlobalSection
EndGlobal
